// !$*UTF8*$!
{
	archiveVersion = 1;
	classes = {
	};
	objectVersion = 50;
	objects = {

/* Begin PBXBuildFile section */
		6E5CE1EA21915C96008B6FD4 /* TableViewObjectiveCController.m in Sources */ = {isa = PBXBuildFile; fileRef = 6E5CE1E921915C96008B6FD4 /* TableViewObjectiveCController.m */; };
		6E76F54421914D51001889FF /* AppDelegate.m in Sources */ = {isa = PBXBuildFile; fileRef = 6E76F54321914D51001889FF /* AppDelegate.m */; };
		6E76F54721914D51001889FF /* ViewController.m in Sources */ = {isa = PBXBuildFile; fileRef = 6E76F54621914D51001889FF /* ViewController.m */; };
		6E76F54A21914D51001889FF /* Main.storyboard in Resources */ = {isa = PBXBuildFile; fileRef = 6E76F54821914D51001889FF /* Main.storyboard */; };
		6E76F54C21914D52001889FF /* Assets.xcassets in Resources */ = {isa = PBXBuildFile; fileRef = 6E76F54B21914D52001889FF /* Assets.xcassets */; };
		6E76F54F21914D52001889FF /* LaunchScreen.storyboard in Resources */ = {isa = PBXBuildFile; fileRef = 6E76F54D21914D52001889FF /* LaunchScreen.storyboard */; };
		6E76F55221914D52001889FF /* main.m in Sources */ = {isa = PBXBuildFile; fileRef = 6E76F55121914D52001889FF /* main.m */; };
		6E76F55A21915262001889FF /* TableViewSwiftController.swift in Sources */ = {isa = PBXBuildFile; fileRef = 6E76F55921915262001889FF /* TableViewSwiftController.swift */; };
/* End PBXBuildFile section */

/* Begin PBXFileReference section */
		6E5CE1E821915C96008B6FD4 /* TableViewObjectiveCController.h */ = {isa = PBXFileReference; lastKnownFileType = sourcecode.c.h; path = TableViewObjectiveCController.h; sourceTree = "<group>"; };
		6E5CE1E921915C96008B6FD4 /* TableViewObjectiveCController.m */ = {isa = PBXFileReference; lastKnownFileType = sourcecode.c.objc; path = TableViewObjectiveCController.m; sourceTree = "<group>"; };
		6E76F53F21914D51001889FF /* iosuitableview.app */ = {isa = PBXFileReference; explicitFileType = wrapper.application; includeInIndex = 0; path = iosuitableview.app; sourceTree = BUILT_PRODUCTS_DIR; };
		6E76F54221914D51001889FF /* AppDelegate.h */ = {isa = PBXFileReference; lastKnownFileType = sourcecode.c.h; path = AppDelegate.h; sourceTree = "<group>"; };
		6E76F54321914D51001889FF /* AppDelegate.m */ = {isa = PBXFileReference; lastKnownFileType = sourcecode.c.objc; path = AppDelegate.m; sourceTree = "<group>"; };
		6E76F54521914D51001889FF /* ViewController.h */ = {isa = PBXFileReference; lastKnownFileType = sourcecode.c.h; path = ViewController.h; sourceTree = "<group>"; };
		6E76F54621914D51001889FF /* ViewController.m */ = {isa = PBXFileReference; lastKnownFileType = sourcecode.c.objc; path = ViewController.m; sourceTree = "<group>"; };
		6E76F54921914D51001889FF /* Base */ = {isa = PBXFileReference; lastKnownFileType = file.storyboard; name = Base; path = Base.lproj/Main.storyboard; sourceTree = "<group>"; };
		6E76F54B21914D52001889FF /* Assets.xcassets */ = {isa = PBXFileReference; lastKnownFileType = folder.assetcatalog; path = Assets.xcassets; sourceTree = "<group>"; };
		6E76F54E21914D52001889FF /* Base */ = {isa = PBXFileReference; lastKnownFileType = file.storyboard; name = Base; path = Base.lproj/LaunchScreen.storyboard; sourceTree = "<group>"; };
		6E76F55021914D52001889FF /* Info.plist */ = {isa = PBXFileReference; lastKnownFileType = text.plist.xml; path = Info.plist; sourceTree = "<group>"; };
		6E76F55121914D52001889FF /* main.m */ = {isa = PBXFileReference; lastKnownFileType = sourcecode.c.objc; path = main.m; sourceTree = "<group>"; };
		6E76F55821915262001889FF /* iosuitableview-Bridging-Header.h */ = {isa = PBXFileReference; lastKnownFileType = sourcecode.c.h; path = "iosuitableview-Bridging-Header.h"; sourceTree = "<group>"; };
		6E76F55921915262001889FF /* TableViewSwiftController.swift */ = {isa = PBXFileReference; lastKnownFileType = sourcecode.swift; path = TableViewSwiftController.swift; sourceTree = "<group>"; };
/* End PBXFileReference section */

/* Begin PBXFrameworksBuildPhase section */
		6E76F53C21914D51001889FF /* Frameworks */ = {
			isa = PBXFrameworksBuildPhase;
			buildActionMask = 2147483647;
			files = (
			);
			runOnlyForDeploymentPostprocessing = 0;
		};
/* End PBXFrameworksBuildPhase section */

/* Begin PBXGroup section */
		6E76F53621914D51001889FF = {
			isa = PBXGroup;
			children = (
				6E76F54121914D51001889FF /* iosuitableview */,
				6E76F54021914D51001889FF /* Products */,
			);
			sourceTree = "<group>";
		};
		6E76F54021914D51001889FF /* Products */ = {
			isa = PBXGroup;
			children = (
				6E76F53F21914D51001889FF /* iosuitableview.app */,
			);
			name = Products;
			sourceTree = "<group>";
		};
		6E76F54121914D51001889FF /* iosuitableview */ = {
			isa = PBXGroup;
			children = (
				6E76F54221914D51001889FF /* AppDelegate.h */,
				6E76F54321914D51001889FF /* AppDelegate.m */,
				6E76F54521914D51001889FF /* ViewController.h */,
				6E76F54621914D51001889FF /* ViewController.m */,
				6E76F54821914D51001889FF /* Main.storyboard */,
				6E76F54B21914D52001889FF /* Assets.xcassets */,
				6E76F54D21914D52001889FF /* LaunchScreen.storyboard */,
				6E76F55021914D52001889FF /* Info.plist */,
				6E76F55121914D52001889FF /* main.m */,
				6E76F55921915262001889FF /* TableViewSwiftController.swift */,
				6E76F55821915262001889FF /* iosuitableview-Bridging-Header.h */,
				6E5CE1E821915C96008B6FD4 /* TableViewObjectiveCController.h */,
				6E5CE1E921915C96008B6FD4 /* TableViewObjectiveCController.m */,
			);
			path = iosuitableview;
			sourceTree = "<group>";
		};
/* End PBXGroup section */

/* Begin PBXNativeTarget section */
		6E76F53E21914D51001889FF /* iosuitableview */ = {
			isa = PBXNativeTarget;
			buildConfigurationList = 6E76F55521914D52001889FF /* Build configuration list for PBXNativeTarget "iosuitableview" */;
			buildPhases = (
				6E76F53B21914D51001889FF /* Sources */,
				6E76F53C21914D51001889FF /* Frameworks */,
				6E76F53D21914D51001889FF /* Resources */,
			);
			buildRules = (
			);
			dependencies = (
			);
			name = iosuitableview;
			productName = iosuitableview;
			productReference = 6E76F53F21914D51001889FF /* iosuitableview.app */;
			productType = "com.apple.product-type.application";
		};
/* End PBXNativeTarget section */

/* Begin PBXProject section */
		6E76F53721914D51001889FF /* Project object */ = {
			isa = PBXProject;
			attributes = {
				LastUpgradeCheck = 0940;
				ORGANIZATIONNAME = "Christoph Purrer";
				TargetAttributes = {
					6E76F53E21914D51001889FF = {
						CreatedOnToolsVersion = 9.4.1;
						LastSwiftMigration = 0940;
					};
				};
			};
			buildConfigurationList = 6E76F53A21914D51001889FF /* Build configuration list for PBXProject "iosuitableview" */;
			compatibilityVersion = "Xcode 9.3";
			developmentRegion = en;
			hasScannedForEncodings = 0;
			knownRegions = (
				en,
				Base,
			);
			mainGroup = 6E76F53621914D51001889FF;
			productRefGroup = 6E76F54021914D51001889FF /* Products */;
			projectDirPath = "";
			projectRoot = "";
			targets = (
				6E76F53E21914D51001889FF /* iosuitableview */,
			);
		};
/* End PBXProject section */

/* Begin PBXResourcesBuildPhase section */
		6E76F53D21914D51001889FF /* Resources */ = {
			isa = PBXResourcesBuildPhase;
			buildActionMask = 2147483647;
			files = (
				6E76F54F21914D52001889FF /* LaunchScreen.storyboard in Resources */,
				6E76F54C21914D52001889FF /* Assets.xcassets in Resources */,
				6E76F54A21914D51001889FF /* Main.storyboard in Resources */,
			);
			runOnlyForDeploymentPostprocessing = 0;
		};
/* End PBXResourcesBuildPhase section */

/* Begin PBXSourcesBuildPhase section */
		6E76F53B21914D51001889FF /* Sources */ = {
			isa = PBXSourcesBuildPhase;
			buildActionMask = 2147483647;
			files = (
				6E5CE1EA21915C96008B6FD4 /* TableViewObjectiveCController.m in Sources */,
				6E76F54721914D51001889FF /* ViewController.m in Sources */,
				6E76F55A21915262001889FF /* TableViewSwiftController.swift in Sources */,
				6E76F55221914D52001889FF /* main.m in Sources */,
				6E76F54421914D51001889FF /* AppDelegate.m in Sources */,
			);
			runOnlyForDeploymentPostprocessing = 0;
		};
/* End PBXSourcesBuildPhase section */

/* Begin PBXVariantGroup section */
		6E76F54821914D51001889FF /* Main.storyboard */ = {
			isa = PBXVariantGroup;
			children = (
				6E76F54921914D51001889FF /* Base */,
			);
			name = Main.storyboard;
			sourceTree = "<group>";
		};
		6E76F54D21914D52001889FF /* LaunchScreen.storyboard */ = {
			isa = PBXVariantGroup;
			children = (
				6E76F54E21914D52001889FF /* Base */,
			);
			name = LaunchScreen.storyboard;
			sourceTree = "<group>";
		};
/* End PBXVariantGroup section */

/* Begin XCBuildConfiguration section */
		6E76F55321914D52001889FF /* Debug */ = {
			isa = XCBuildConfiguration;
			buildSettings = {
				ALWAYS_SEARCH_USER_PATHS = NO;
				CLANG_ANALYZER_NONNULL = YES;
				CLANG_ANALYZER_NUMBER_OBJECT_CONVERSION = YES_AGGRESSIVE;
				CLANG_CXX_LANGUAGE_STANDARD = "gnu++14";
				CLANG_CXX_LIBRARY = "libc++";
				CLANG_ENABLE_MODULES = YES;
				CLANG_ENABLE_OBJC_ARC = YES;
				CLANG_ENABLE_OBJC_WEAK = YES;
				CLANG_WARN_BLOCK_CAPTURE_AUTORELEASING = YES;
				CLANG_WARN_BOOL_CONVERSION = YES;
				CLANG_WARN_COMMA = YES;
				CLANG_WARN_CONSTANT_CONVERSION = YES;
				CLANG_WARN_DEPRECATED_OBJC_IMPLEMENTATIONS = YES;
				CLANG_WARN_DIRECT_OBJC_ISA_USAGE = YES_ERROR;
				CLANG_WARN_DOCUMENTATION_COMMENTS = YES;
				CLANG_WARN_EMPTY_BODY = YES;
				CLANG_WARN_ENUM_CONVERSION = YES;
				CLANG_WARN_INFINITE_RECURSION = YES;
				CLANG_WARN_INT_CONVERSION = YES;
				CLANG_WARN_NON_LITERAL_NULL_CONVERSION = YES;
				CLANG_WARN_OBJC_IMPLICIT_RETAIN_SELF = YES;
				CLANG_WARN_OBJC_LITERAL_CONVERSION = YES;
				CLANG_WARN_OBJC_ROOT_CLASS = YES_ERROR;
				CLANG_WARN_RANGE_LOOP_ANALYSIS = YES;
				CLANG_WARN_STRICT_PROTOTYPES = YES;
				CLANG_WARN_SUSPICIOUS_MOVE = YES;
				CLANG_WARN_UNGUARDED_AVAILABILITY = YES_AGGRESSIVE;
				CLANG_WARN_UNREACHABLE_CODE = YES;
				CLANG_WARN__DUPLICATE_METHOD_MATCH = YES;
				CODE_SIGN_IDENTITY = "iPhone Developer";
				COPY_PHASE_STRIP = NO;
				DEBUG_INFORMATION_FORMAT = dwarf;
				ENABLE_STRICT_OBJC_MSGSEND = YES;
				ENABLE_TESTABILITY = YES;
				GCC_C_LANGUAGE_STANDARD = gnu11;
				GCC_DYNAMIC_NO_PIC = NO;
				GCC_NO_COMMON_BLOCKS = YES;
				GCC_OPTIMIZATION_LEVEL = 0;
				GCC_PREPROCESSOR_DEFINITIONS = (
					"DEBUG=1",
					"$(inherited)",
				);
				GCC_WARN_64_TO_32_BIT_CONVERSION = YES;
				GCC_WARN_ABOUT_RETURN_TYPE = YES_ERROR;
				GCC_WARN_UNDECLARED_SELECTOR = YES;
				GCC_WARN_UNINITIALIZED_AUTOS = YES_AGGRESSIVE;
				GCC_WARN_UNUSED_FUNCTION = YES;
				GCC_WARN_UNUSED_VARIABLE = YES;
				IPHONEOS_DEPLOYMENT_TARGET = 11.4;
				MTL_ENABLE_DEBUG_INFO = YES;
				ONLY_ACTIVE_ARCH = YES;
				SDKROOT = iphoneos;
			};
			name = Debug;
		};
		6E76F55421914D52001889FF /* Release */ = {
			isa = XCBuildConfiguration;
			buildSettings = {
				ALWAYS_SEARCH_USER_PATHS = NO;
				CLANG_ANALYZER_NONNULL = YES;
				CLANG_ANALYZER_NUMBER_OBJECT_CONVERSION = YES_AGGRESSIVE;
				CLANG_CXX_LANGUAGE_STANDARD = "gnu++14";
				CLANG_CXX_LIBRARY = "libc++";
				CLANG_ENABLE_MODULES = YES;
				CLANG_ENABLE_OBJC_ARC = YES;
				CLANG_ENABLE_OBJC_WEAK = YES;
				CLANG_WARN_BLOCK_CAPTURE_AUTORELEASING = YES;
				CLANG_WARN_BOOL_CONVERSION = YES;
				CLANG_WARN_COMMA = YES;
				CLANG_WARN_CONSTANT_CONVERSION = YES;
				CLANG_WARN_DEPRECATED_OBJC_IMPLEMENTATIONS = YES;
				CLANG_WARN_DIRECT_OBJC_ISA_USAGE = YES_ERROR;
				CLANG_WARN_DOCUMENTATION_COMMENTS = YES;
				CLANG_WARN_EMPTY_BODY = YES;
				CLANG_WARN_ENUM_CONVERSION = YES;
				CLANG_WARN_INFINITE_RECURSION = YES;
				CLANG_WARN_INT_CONVERSION = YES;
				CLANG_WARN_NON_LITERAL_NULL_CONVERSION = YES;
				CLANG_WARN_OBJC_IMPLICIT_RETAIN_SELF = YES;
				CLANG_WARN_OBJC_LITERAL_CONVERSION = YES;
				CLANG_WARN_OBJC_ROOT_CLASS = YES_ERROR;
				CLANG_WARN_RANGE_LOOP_ANALYSIS = YES;
				CLANG_WARN_STRICT_PROTOTYPES = YES;
				CLANG_WARN_SUSPICIOUS_MOVE = YES;
				CLANG_WARN_UNGUARDED_AVAILABILITY = YES_AGGRESSIVE;
				CLANG_WARN_UNREACHABLE_CODE = YES;
				CLANG_WARN__DUPLICATE_METHOD_MATCH = YES;
				CODE_SIGN_IDENTITY = "iPhone Developer";
				COPY_PHASE_STRIP = NO;
				DEBUG_INFORMATION_FORMAT = "dwarf-with-dsym";
				ENABLE_NS_ASSERTIONS = NO;
				ENABLE_STRICT_OBJC_MSGSEND = YES;
				GCC_C_LANGUAGE_STANDARD = gnu11;
				GCC_NO_COMMON_BLOCKS = YES;
				GCC_WARN_64_TO_32_BIT_CONVERSION = YES;
				GCC_WARN_ABOUT_RETURN_TYPE = YES_ERROR;
				GCC_WARN_UNDECLARED_SELECTOR = YES;
				GCC_WARN_UNINITIALIZED_AUTOS = YES_AGGRESSIVE;
				GCC_WARN_UNUSED_FUNCTION = YES;
				GCC_WARN_UNUSED_VARIABLE = YES;
				IPHONEOS_DEPLOYMENT_TARGET = 11.4;
				MTL_ENABLE_DEBUG_INFO = NO;
				SDKROOT = iphoneos;
				VALIDATE_PRODUCT = YES;
			};
			name = Release;
		};
		6E76F55621914D52001889FF /* Debug */ = {
			isa = XCBuildConfiguration;
			buildSettings = {
				ASSETCATALOG_COMPILER_APPICON_NAME = AppIcon;
				CLANG_ENABLE_MODULES = YES;
				CODE_SIGN_STYLE = Automatic;
				INFOPLIST_FILE = iosuitableview/Info.plist;
				LD_RUNPATH_SEARCH_PATHS = (
					"$(inherited)",
					"@executable_path/Frameworks",
				);
				PRODUCT_BUNDLE_IDENTIFIER = chp.iosuitableview;
				PRODUCT_NAME = "$(TARGET_NAME)";
				SWIFT_OBJC_BRIDGING_HEADER = "iosuitableview/iosuitableview-Bridging-Header.h";
				SWIFT_OPTIMIZATION_LEVEL = "-Onone";
				SWIFT_VERSION = 3.0;
				TARGETED_DEVICE_FAMILY = "1,2";
			};
			name = Debug;
		};
		6E76F55721914D52001889FF /* Release */ = {
			isa = XCBuildConfiguration;
			buildSettings = {
				ASSETCATALOG_COMPILER_APPICON_NAME = AppIcon;
				CLANG_ENABLE_MODULES = YES;
				CODE_SIGN_STYLE = Automatic;
				INFOPLIST_FILE = iosuitableview/Info.plist;
				LD_RUNPATH_SEARCH_PATHS = (
					"$(inherited)",
					"@executable_path/Frameworks",
				);
				PRODUCT_BUNDLE_IDENTIFIER = chp.iosuitableview;
				PRODUCT_NAME = "$(TARGET_NAME)";
				SWIFT_OBJC_BRIDGING_HEADER = "iosuitableview/iosuitableview-Bridging-Header.h";
				SWIFT_VERSION = 3.0;
				TARGETED_DEVICE_FAMILY = "1,2";
			};
			name = Release;
		};
/* End XCBuildConfiguration section */

/* Begin XCConfigurationList section */
		6E76F53A21914D51001889FF /* Build configuration list for PBXProject "iosuitableview" */ = {
			isa = XCConfigurationList;
			buildConfigurations = (
				6E76F55321914D52001889FF /* Debug */,
				6E76F55421914D52001889FF /* Release */,
			);
			defaultConfigurationIsVisible = 0;
			defaultConfigurationName = Release;
		};
		6E76F55521914D52001889FF /* Build configuration list for PBXNativeTarget "iosuitableview" */ = {
			isa = XCConfigurationList;
			buildConfigurations = (
				6E76F55621914D52001889FF /* Debug */,
				6E76F55721914D52001889FF /* Release */,
			);
			defaultConfigurationIsVisible = 0;
			defaultConfigurationName = Release;
		};
/* End XCConfigurationList section */
	};
	rootObject = 6E76F53721914D51001889FF /* Project object */;
}
